
Microsoft Visual Studio Solution File, Format Version 12.00
# Visual Studio 2012
Project("{FAE04EC0-301F-11D3-BF4B-00C04F79EFBC}") = "TimeTrackR", "TimeTrackR\TimeTrackR.csproj", "{FBFBBA04-FD4C-4FDF-BCCF-61785502140B}"
EndProject
Project("{FAE04EC0-301F-11D3-BF4B-00C04F79EFBC}") = "TimeTrackR.Core", "TimeTrackR.Core\TimeTrackR.Core.csproj", "{23E8BF47-740B-430B-A99F-306B9C26FBDE}"
EndProject
Global
	GlobalSection(SolutionConfigurationPlatforms) = preSolution
		Debug|Any CPU = Debug|Any CPU
		Release|Any CPU = Release|Any CPU
	EndGlobalSection
	GlobalSection(ProjectConfigurationPlatforms) = postSolution
		{FBFBBA04-FD4C-4FDF-BCCF-61785502140B}.Debug|Any CPU.ActiveCfg = Debug|Any CPU
		{FBFBBA04-FD4C-4FDF-BCCF-61785502140B}.Debug|Any CPU.Build.0 = Debug|Any CPU
		{FBFBBA04-FD4C-4FDF-BCCF-61785502140B}.Release|Any CPU.ActiveCfg = Release|Any CPU
		{FBFBBA04-FD4C-4FDF-BCCF-61785502140B}.Release|Any CPU.Build.0 = Release|Any CPU
		{23E8BF47-740B-430B-A99F-306B9C26FBDE}.Debug|Any CPU.ActiveCfg = Debug|Any CPU
		{23E8BF47-740B-430B-A99F-306B9C26FBDE}.Debug|Any CPU.Build.0 = Debug|Any CPU
		{23E8BF47-740B-430B-A99F-306B9C26FBDE}.Release|Any CPU.ActiveCfg = Release|Any CPU
		{23E8BF47-740B-430B-A99F-306B9C26FBDE}.Release|Any CPU.Build.0 = Release|Any CPU
	EndGlobalSection
	GlobalSection(SolutionProperties) = preSolution
		HideSolutionNode = FALSE
	EndGlobalSection
EndGlobal
